uuid: f30269f7-fcc4-4f76-8f1f-014b9068f1d0
langcode: en
status: true
dependencies:
  module:
    - ctools
  theme:
    - socomec
id: toolpromotiontestblock
theme: socomec
region: content
weight: -5
provider: null
plugin: 'block_content:f0c55cf7-9165-45ed-abd1-f17c4876cfad'
settings:
  id: 'block_content:f0c55cf7-9165-45ed-abd1-f17c4876cfad'
  label: 'Tool promotion test block'
  provider: block_content
  label_display: '0'
  status: true
  info: ''
  view_mode: full
visibility:
  'entity_bundle:node':
    id: 'entity_bundle:node'
    bundles:
      product: product
    negate: false
    context_mapping:
      node: '@node.node_route_context:node'
