uuid: cd5dbc72-ae6c-471b-bf6c-54bc2c4f45b4
langcode: en
status: true
dependencies:
  config:
    - field.storage.node.field_background_hero_block
    - media.type.image
    - node.type.product
id: node.product.field_background_hero_block
field_name: field_background_hero_block
entity_type: node
bundle: product
label: 'Background hero block'
description: ''
required: false
translatable: false
default_value: {  }
default_value_callback: ''
settings:
  handler: 'default:media'
  handler_settings:
    target_bundles:
      image: image
    sort:
      field: _none
    auto_create: false
    auto_create_bundle: ''
field_type: entity_reference
