uuid: 8a7028c6-d81f-4f9f-85b7-39eb13b86d57
langcode: en
status: true
dependencies:
  config:
    - field.storage.paragraph.field_mutliline_promo_block
    - paragraphs.paragraphs_type.model_promo_block
    - soc_blocks_promotion.block_promotion_entity_type.custom
    - soc_blocks_promotion.block_promotion_entity_type.digital_asset
    - soc_blocks_promotion.block_promotion_entity_type.offer
    - soc_blocks_promotion.block_promotion_entity_type.toolbox
id: paragraph.model_promo_block.field_mutliline_promo_block
field_name: field_mutliline_promo_block
entity_type: paragraph
bundle: model_promo_block
label: 'Block promo'
description: ''
required: false
translatable: false
default_value: {  }
default_value_callback: ''
settings:
  handler: 'default:block_promotion_entity'
  handler_settings:
    target_bundles:
      custom: custom
      digital_asset: digital_asset
      offer: offer
      toolbox: toolbox
    sort:
      field: _none
    auto_create: false
    auto_create_bundle: custom
field_type: entity_reference
