uuid: f5d15c96-a089-4ccd-8ed9-449819947a87
langcode: en
status: true
dependencies:
  config:
    - paragraphs.paragraphs_type.model_promo_block
  module:
    - content_translation
third_party_settings:
  content_translation:
    enabled: false
    bundle_settings:
      untranslatable_fields_hide: '0'
id: paragraph.model_promo_block
target_entity_type_id: paragraph
target_bundle: model_promo_block
default_langcode: site_default
language_alterable: false
