uuid: 5edbe169-a986-40e2-adc2-8d8fc1e41dd2
langcode: en
status: true
dependencies: {  }
id: it_offer_promo_block
label: 'IT / Offer - Promo Block'
channel_entity_type: block_promotion_entity
channel_bundle: offer
channel_langcode: it
channel_filters: null
channel_groups: null
channel_sorts: {  }
channel_searches: null
authorized_users:
  cd0d9446-cb19-4e87-9dcf-d3bdc37a70a7: cd0d9446-cb19-4e87-9dcf-d3bdc37a70a7
