uuid: 7daa920c-bd72-4413-9c6e-f4d66fd768b0
langcode: en
status: true
dependencies: {  }
id: fr_be_toolbox_promo_block
label: 'FR-BE / Toolbox - Promo Block'
channel_entity_type: block_promotion_entity
channel_bundle: toolbox
channel_langcode: fr-be
channel_filters: null
channel_groups: null
channel_sorts: {  }
channel_searches: null
authorized_users:
  cd0d9446-cb19-4e87-9dcf-d3bdc37a70a7: cd0d9446-cb19-4e87-9dcf-d3bdc37a70a7
