uuid: c7138b38-cebe-498c-9865-9262c9ea1988
langcode: en
status: true
dependencies: {  }
id: fr_digital_asset_promo_block
label: 'FR / Digital_asset - Promo Block'
channel_entity_type: block_promotion_entity
channel_bundle: digital_asset
channel_langcode: fr
channel_filters: null
channel_groups: null
channel_sorts: {  }
channel_searches: null
authorized_users:
  cd0d9446-cb19-4e87-9dcf-d3bdc37a70a7: cd0d9446-cb19-4e87-9dcf-d3bdc37a70a7
