uuid: fa3bebaa-addd-415f-8dd5-2c9a39627cec
langcode: en
status: true
dependencies: {  }
id: zh_cn_digital_asset_promo_block
label: 'ZH-CN / Digital_asset - Promo Block'
channel_entity_type: block_promotion_entity
channel_bundle: digital_asset
channel_langcode: zh-cn
channel_filters: null
channel_groups: null
channel_sorts: {  }
channel_searches: null
authorized_users:
  cd0d9446-cb19-4e87-9dcf-d3bdc37a70a7: cd0d9446-cb19-4e87-9dcf-d3bdc37a70a7
