uuid: 9e78695c-ac1c-44a4-a9f1-5e006fe476dc
langcode: en
status: true
dependencies: {  }
id: de_ch_custom_promo_block
label: 'DE-CH / Custom - Promo Block'
channel_entity_type: block_promotion_entity
channel_bundle: custom
channel_langcode: de-ch
channel_filters: null
channel_groups: null
channel_sorts: {  }
channel_searches: null
authorized_users:
  cd0d9446-cb19-4e87-9dcf-d3bdc37a70a7: cd0d9446-cb19-4e87-9dcf-d3bdc37a70a7
