uuid: 9feff6cc-49fa-42cc-be1b-a30766e316e1
langcode: en
status: true
dependencies: {  }
id: it_ch_offer_promo_block
label: 'IT-CH / Offer - Promo Block'
channel_entity_type: block_promotion_entity
channel_bundle: offer
channel_langcode: it-ch
channel_filters: null
channel_groups: null
channel_sorts: {  }
channel_searches: null
authorized_users:
  cd0d9446-cb19-4e87-9dcf-d3bdc37a70a7: cd0d9446-cb19-4e87-9dcf-d3bdc37a70a7
