uuid: baa96821-f4b5-4e5f-a1e7-570b1aa499c2
langcode: en
status: true
dependencies: {  }
id: pl_digital_asset_promo_block
label: 'PL / Digital_asset - Promo Block'
channel_entity_type: block_promotion_entity
channel_bundle: digital_asset
channel_langcode: pl
channel_filters: null
channel_groups: null
channel_sorts: {  }
channel_searches: null
authorized_users:
  cd0d9446-cb19-4e87-9dcf-d3bdc37a70a7: cd0d9446-cb19-4e87-9dcf-d3bdc37a70a7
