uuid: c928adb1-378d-452e-be2a-872b568ff6f5
langcode: en
status: true
dependencies: {  }
id: fr_ch_custom_promo_block
label: 'FR-CH / Custom - Promo Block'
channel_entity_type: block_promotion_entity
channel_bundle: custom
channel_langcode: fr-ch
channel_filters: null
channel_groups: null
channel_sorts: {  }
channel_searches: null
authorized_users:
  cd0d9446-cb19-4e87-9dcf-d3bdc37a70a7: cd0d9446-cb19-4e87-9dcf-d3bdc37a70a7
