uuid: f5a88bee-5c2e-4bcd-b2f9-888b73f129f9
langcode: en
status: true
dependencies: {  }
id: nl_be_digital_asset_promo_block
label: 'NL-BE / Digital_asset - Promo Block'
channel_entity_type: block_promotion_entity
channel_bundle: digital_asset
channel_langcode: nl-be
channel_filters: null
channel_groups: null
channel_sorts: {  }
channel_searches: null
authorized_users:
  cd0d9446-cb19-4e87-9dcf-d3bdc37a70a7: cd0d9446-cb19-4e87-9dcf-d3bdc37a70a7
