uuid: 40f32b84-642f-46a8-8ce9-9ac21d029fac
langcode: en
status: true
dependencies: {  }
id: de_toolbox_promo_block
label: 'DE / Toolbox - Promo Block'
channel_entity_type: block_promotion_entity
channel_bundle: toolbox
channel_langcode: de
channel_filters: null
channel_groups: null
channel_sorts: {  }
channel_searches: null
authorized_users:
  cd0d9446-cb19-4e87-9dcf-d3bdc37a70a7: cd0d9446-cb19-4e87-9dcf-d3bdc37a70a7
