uuid: 1bc9082d-1e42-46c0-8c35-05280319467b
langcode: en
status: true
dependencies: {  }
id: fr_custom_promo_block
label: 'FR / Custom - Promo Block'
channel_entity_type: block_promotion_entity
channel_bundle: custom
channel_langcode: fr
channel_filters: null
channel_groups: null
channel_sorts: {  }
channel_searches: null
authorized_users:
  cd0d9446-cb19-4e87-9dcf-d3bdc37a70a7: cd0d9446-cb19-4e87-9dcf-d3bdc37a70a7
